# This file is automatically @generated by Wally.
# It is not intended for manual editing.
registry = "test"

[[package]]
name = "fxav/touch-the-sky"
version = "0.1.0"
dependencies = [["SleitSignal", "sleitnick/signal@1.4.2"], ["Table", "minstrix/table@0.4.1"]]

[[package]]
name = "minstrix/table"
version = "0.4.1"
dependencies = []

[[package]]
name = "sleitnick/signal"
version = "1.4.2"
dependencies = []
